
Microsoft Visual Studio Solution File, Format Version 12.00
# Visual Studio 15
VisualStudioVersion = 15.0.28010.2019
MinimumVisualStudioVersion = 10.0.40219.1
Project("{FAE04EC0-301F-11D3-BF4B-00C04F79EFBC}") = "ReFrontier", "ReFrontier\ReFrontier.csproj", "{4FA20038-15B6-4F86-95F7-6E8EF3B8C94D}"
EndProject
Project("{FAE04EC0-301F-11D3-BF4B-00C04F79EFBC}") = "FrontierTextTool", "FrontierTextTool\FrontierTextTool.csproj", "{DE2AB100-24C7-4176-9FDB-E979A97045DE}"
EndProject
Project("{FAE04EC0-301F-11D3-BF4B-00C04F79EFBC}") = "FrontierDataTool", "FrontierDataTool\FrontierDataTool.csproj", "{0FAAAFE5-D49F-4C64-BE2C-0F78C13DCEEB}"
EndProject
Project("{FAE04EC0-301F-11D3-BF4B-00C04F79EFBC}") = "LibReFrontier", "LibReFrontier\LibReFrontier.csproj", "{65DFE92C-FED7-419A-9732-854BA5E9D162}"
EndProject
Global
	GlobalSection(SolutionConfigurationPlatforms) = preSolution
		Debug|Any CPU = Debug|Any CPU
		Release|Any CPU = Release|Any CPU
	EndGlobalSection
	GlobalSection(ProjectConfigurationPlatforms) = postSolution
		{4FA20038-15B6-4F86-95F7-6E8EF3B8C94D}.Debug|Any CPU.ActiveCfg = Debug|Any CPU
		{4FA20038-15B6-4F86-95F7-6E8EF3B8C94D}.Debug|Any CPU.Build.0 = Debug|Any CPU
		{4FA20038-15B6-4F86-95F7-6E8EF3B8C94D}.Release|Any CPU.ActiveCfg = Release|Any CPU
		{4FA20038-15B6-4F86-95F7-6E8EF3B8C94D}.Release|Any CPU.Build.0 = Release|Any CPU
		{DE2AB100-24C7-4176-9FDB-E979A97045DE}.Debug|Any CPU.ActiveCfg = Debug|Any CPU
		{DE2AB100-24C7-4176-9FDB-E979A97045DE}.Debug|Any CPU.Build.0 = Debug|Any CPU
		{DE2AB100-24C7-4176-9FDB-E979A97045DE}.Release|Any CPU.ActiveCfg = Release|Any CPU
		{DE2AB100-24C7-4176-9FDB-E979A97045DE}.Release|Any CPU.Build.0 = Release|Any CPU
		{0FAAAFE5-D49F-4C64-BE2C-0F78C13DCEEB}.Debug|Any CPU.ActiveCfg = Debug|Any CPU
		{0FAAAFE5-D49F-4C64-BE2C-0F78C13DCEEB}.Debug|Any CPU.Build.0 = Debug|Any CPU
		{0FAAAFE5-D49F-4C64-BE2C-0F78C13DCEEB}.Release|Any CPU.ActiveCfg = Release|Any CPU
		{0FAAAFE5-D49F-4C64-BE2C-0F78C13DCEEB}.Release|Any CPU.Build.0 = Release|Any CPU
		{65DFE92C-FED7-419A-9732-854BA5E9D162}.Debug|Any CPU.ActiveCfg = Debug|Any CPU
		{65DFE92C-FED7-419A-9732-854BA5E9D162}.Debug|Any CPU.Build.0 = Debug|Any CPU
		{65DFE92C-FED7-419A-9732-854BA5E9D162}.Release|Any CPU.ActiveCfg = Release|Any CPU
		{65DFE92C-FED7-419A-9732-854BA5E9D162}.Release|Any CPU.Build.0 = Release|Any CPU
	EndGlobalSection
	GlobalSection(SolutionProperties) = preSolution
		HideSolutionNode = FALSE
	EndGlobalSection
	GlobalSection(ExtensibilityGlobals) = postSolution
		SolutionGuid = {7A0E65E1-A70E-4AF8-BEF4-641E40A323BB}
	EndGlobalSection
EndGlobal
